// !$*UTF8*$!
{
	archiveVersion = 1;
	classes = {
	};
	objectVersion = 56;
	objects = {

/* Begin PBXBuildFile section */
		5944DEDD2A512AF10015B054 /* SplitpayApp.swift in Sources */ = {isa = PBXBuildFile; fileRef = 5944DEDC2A512AF10015B054 /* SplitpayApp.swift */; };
		5944DEDF2A512AF10015B054 /* ProductSelectPage.swift in Sources */ = {isa = PBXBuildFile; fileRef = 5944DEDE2A512AF10015B054 /* ProductSelectPage.swift */; };
		5944DEE12A512AF20015B054 /* Assets.xcassets in Resources */ = {isa = PBXBuildFile; fileRef = 5944DEE02A512AF20015B054 /* Assets.xcassets */; };
		5944DEE42A512AF20015B054 /* Preview Assets.xcassets in Resources */ = {isa = PBXBuildFile; fileRef = 5944DEE32A512AF20015B054 /* Preview Assets.xcassets */; };
		5944DEEE2A512AF20015B054 /* SplitpayTests.swift in Sources */ = {isa = PBXBuildFile; fileRef = 5944DEED2A512AF20015B054 /* SplitpayTests.swift */; };
		5944DEF82A512AF20015B054 /* SplitpayUITests.swift in Sources */ = {isa = PBXBuildFile; fileRef = 5944DEF72A512AF20015B054 /* SplitpayUITests.swift */; };
		5944DEFA2A512AF20015B054 /* SplitpayUITestsLaunchTests.swift in Sources */ = {isa = PBXBuildFile; fileRef = 5944DEF92A512AF20015B054 /* SplitpayUITestsLaunchTests.swift */; };
		5944DF072A513C380015B054 /* Model.swift in Sources */ = {isa = PBXBuildFile; fileRef = 5944DF062A513C380015B054 /* Model.swift */; };
		5944DF092A5156B70015B054 /* UserListView.swift in Sources */ = {isa = PBXBuildFile; fileRef = 5944DF082A5156B70015B054 /* UserListView.swift */; };
		5944DF0B2A5156C80015B054 /* ProductListView.swift in Sources */ = {isa = PBXBuildFile; fileRef = 5944DF0A2A5156C80015B054 /* ProductListView.swift */; };
/* End PBXBuildFile section */

/* Begin PBXContainerItemProxy section */
		5944DEEA2A512AF20015B054 /* PBXContainerItemProxy */ = {
			isa = PBXContainerItemProxy;
			containerPortal = 5944DED12A512AF10015B054 /* Project object */;
			proxyType = 1;
			remoteGlobalIDString = 5944DED82A512AF10015B054;
			remoteInfo = Splitpay;
		};
		5944DEF42A512AF20015B054 /* PBXContainerItemProxy */ = {
			isa = PBXContainerItemProxy;
			containerPortal = 5944DED12A512AF10015B054 /* Project object */;
			proxyType = 1;
			remoteGlobalIDString = 5944DED82A512AF10015B054;
			remoteInfo = Splitpay;
		};
/* End PBXContainerItemProxy section */

/* Begin PBXFileReference section */
		5944DED92A512AF10015B054 /* Splitpay.app */ = {isa = PBXFileReference; explicitFileType = wrapper.application; includeInIndex = 0; path = Splitpay.app; sourceTree = BUILT_PRODUCTS_DIR; };
		5944DEDC2A512AF10015B054 /* SplitpayApp.swift */ = {isa = PBXFileReference; lastKnownFileType = sourcecode.swift; path = SplitpayApp.swift; sourceTree = "<group>"; };
		5944DEDE2A512AF10015B054 /* ProductSelectPage.swift */ = {isa = PBXFileReference; lastKnownFileType = sourcecode.swift; path = ProductSelectPage.swift; sourceTree = "<group>"; };
		5944DEE02A512AF20015B054 /* Assets.xcassets */ = {isa = PBXFileReference; lastKnownFileType = folder.assetcatalog; path = Assets.xcassets; sourceTree = "<group>"; };
		5944DEE32A512AF20015B054 /* Preview Assets.xcassets */ = {isa = PBXFileReference; lastKnownFileType = folder.assetcatalog; path = "Preview Assets.xcassets"; sourceTree = "<group>"; };
		5944DEE92A512AF20015B054 /* SplitpayTests.xctest */ = {isa = PBXFileReference; explicitFileType = wrapper.cfbundle; includeInIndex = 0; path = SplitpayTests.xctest; sourceTree = BUILT_PRODUCTS_DIR; };
		5944DEED2A512AF20015B054 /* SplitpayTests.swift */ = {isa = PBXFileReference; lastKnownFileType = sourcecode.swift; path = SplitpayTests.swift; sourceTree = "<group>"; };
		5944DEF32A512AF20015B054 /* SplitpayUITests.xctest */ = {isa = PBXFileReference; explicitFileType = wrapper.cfbundle; includeInIndex = 0; path = SplitpayUITests.xctest; sourceTree = BUILT_PRODUCTS_DIR; };
		5944DEF72A512AF20015B054 /* SplitpayUITests.swift */ = {isa = PBXFileReference; lastKnownFileType = sourcecode.swift; path = SplitpayUITests.swift; sourceTree = "<group>"; };
		5944DEF92A512AF20015B054 /* SplitpayUITestsLaunchTests.swift */ = {isa = PBXFileReference; lastKnownFileType = sourcecode.swift; path = SplitpayUITestsLaunchTests.swift; sourceTree = "<group>"; };
		5944DF062A513C380015B054 /* Model.swift */ = {isa = PBXFileReference; lastKnownFileType = sourcecode.swift; path = Model.swift; sourceTree = "<group>"; };
		5944DF082A5156B70015B054 /* UserListView.swift */ = {isa = PBXFileReference; lastKnownFileType = sourcecode.swift; path = UserListView.swift; sourceTree = "<group>"; };
		5944DF0A2A5156C80015B054 /* ProductListView.swift */ = {isa = PBXFileReference; lastKnownFileType = sourcecode.swift; path = ProductListView.swift; sourceTree = "<group>"; };
/* End PBXFileReference section */

/* Begin PBXFrameworksBuildPhase section */
		5944DED62A512AF10015B054 /* Frameworks */ = {
			isa = PBXFrameworksBuildPhase;
			buildActionMask = 2147483647;
			files = (
			);
			runOnlyForDeploymentPostprocessing = 0;
		};
		5944DEE62A512AF20015B054 /* Frameworks */ = {
			isa = PBXFrameworksBuildPhase;
			buildActionMask = 2147483647;
			files = (
			);
			runOnlyForDeploymentPostprocessing = 0;
		};
		5944DEF02A512AF20015B054 /* Frameworks */ = {
			isa = PBXFrameworksBuildPhase;
			buildActionMask = 2147483647;
			files = (
			);
			runOnlyForDeploymentPostprocessing = 0;
		};
/* End PBXFrameworksBuildPhase section */

/* Begin PBXGroup section */
		5944DED02A512AF10015B054 = {
			isa = PBXGroup;
			children = (
				5944DEDB2A512AF10015B054 /* Splitpay */,
				5944DEEC2A512AF20015B054 /* SplitpayTests */,
				5944DEF62A512AF20015B054 /* SplitpayUITests */,
				5944DEDA2A512AF10015B054 /* Products */,
			);
			sourceTree = "<group>";
		};
		5944DEDA2A512AF10015B054 /* Products */ = {
			isa = PBXGroup;
			children = (
				5944DED92A512AF10015B054 /* Splitpay.app */,
				5944DEE92A512AF20015B054 /* SplitpayTests.xctest */,
				5944DEF32A512AF20015B054 /* SplitpayUITests.xctest */,
			);
			name = Products;
			sourceTree = "<group>";
		};
		5944DEDB2A512AF10015B054 /* Splitpay */ = {
			isa = PBXGroup;
			children = (
				5944DEDC2A512AF10015B054 /* SplitpayApp.swift */,
				5944DEDE2A512AF10015B054 /* ProductSelectPage.swift */,
				5944DF082A5156B70015B054 /* UserListView.swift */,
				5944DF0A2A5156C80015B054 /* ProductListView.swift */,
				5944DF062A513C380015B054 /* Model.swift */,
				5944DEE02A512AF20015B054 /* Assets.xcassets */,
				5944DEE22A512AF20015B054 /* Preview Content */,
			);
			path = Splitpay;
			sourceTree = "<group>";
		};
		5944DEE22A512AF20015B054 /* Preview Content */ = {
			isa = PBXGroup;
			children = (
				5944DEE32A512AF20015B054 /* Preview Assets.xcassets */,
			);
			path = "Preview Content";
			sourceTree = "<group>";
		};
		5944DEEC2A512AF20015B054 /* SplitpayTests */ = {
			isa = PBXGroup;
			children = (
				5944DEED2A512AF20015B054 /* SplitpayTests.swift */,
			);
			path = SplitpayTests;
			sourceTree = "<group>";
		};
		5944DEF62A512AF20015B054 /* SplitpayUITests */ = {
			isa = PBXGroup;
			children = (
				5944DEF72A512AF20015B054 /* SplitpayUITests.swift */,
				5944DEF92A512AF20015B054 /* SplitpayUITestsLaunchTests.swift */,
			);
			path = SplitpayUITests;
			sourceTree = "<group>";
		};
/* End PBXGroup section */

/* Begin PBXNativeTarget section */
		5944DED82A512AF10015B054 /* Splitpay */ = {
			isa = PBXNativeTarget;
			buildConfigurationList = 5944DEFD2A512AF20015B054 /* Build configuration list for PBXNativeTarget "Splitpay" */;
			buildPhases = (
				5944DED52A512AF10015B054 /* Sources */,
				5944DED62A512AF10015B054 /* Frameworks */,
				5944DED72A512AF10015B054 /* Resources */,
			);
			buildRules = (
			);
			dependencies = (
			);
			name = Splitpay;
			productName = Splitpay;
			productReference = 5944DED92A512AF10015B054 /* Splitpay.app */;
			productType = "com.apple.product-type.application";
		};
		5944DEE82A512AF20015B054 /* SplitpayTests */ = {
			isa = PBXNativeTarget;
			buildConfigurationList = 5944DF002A512AF20015B054 /* Build configuration list for PBXNativeTarget "SplitpayTests" */;
			buildPhases = (
				5944DEE52A512AF20015B054 /* Sources */,
				5944DEE62A512AF20015B054 /* Frameworks */,
				5944DEE72A512AF20015B054 /* Resources */,
			);
			buildRules = (
			);
			dependencies = (
				5944DEEB2A512AF20015B054 /* PBXTargetDependency */,
			);
			name = SplitpayTests;
			productName = SplitpayTests;
			productReference = 5944DEE92A512AF20015B054 /* SplitpayTests.xctest */;
			productType = "com.apple.product-type.bundle.unit-test";
		};
		5944DEF22A512AF20015B054 /* SplitpayUITests */ = {
			isa = PBXNativeTarget;
			buildConfigurationList = 5944DF032A512AF20015B054 /* Build configuration list for PBXNativeTarget "SplitpayUITests" */;
			buildPhases = (
				5944DEEF2A512AF20015B054 /* Sources */,
				5944DEF02A512AF20015B054 /* Frameworks */,
				5944DEF12A512AF20015B054 /* Resources */,
			);
			buildRules = (
			);
			dependencies = (
				5944DEF52A512AF20015B054 /* PBXTargetDependency */,
			);
			name = SplitpayUITests;
			productName = SplitpayUITests;
			productReference = 5944DEF32A512AF20015B054 /* SplitpayUITests.xctest */;
			productType = "com.apple.product-type.bundle.ui-testing";
		};
/* End PBXNativeTarget section */

/* Begin PBXProject section */
		5944DED12A512AF10015B054 /* Project object */ = {
			isa = PBXProject;
			attributes = {
				BuildIndependentTargetsInParallel = 1;
				LastSwiftUpdateCheck = 1500;
				LastUpgradeCheck = 1500;
				TargetAttributes = {
					5944DED82A512AF10015B054 = {
						CreatedOnToolsVersion = 15.0;
					};
					5944DEE82A512AF20015B054 = {
						CreatedOnToolsVersion = 15.0;
						TestTargetID = 5944DED82A512AF10015B054;
					};
					5944DEF22A512AF20015B054 = {
						CreatedOnToolsVersion = 15.0;
						TestTargetID = 5944DED82A512AF10015B054;
					};
				};
			};
			buildConfigurationList = 5944DED42A512AF10015B054 /* Build configuration list for PBXProject "Splitpay" */;
			compatibilityVersion = "Xcode 14.0";
			developmentRegion = en;
			hasScannedForEncodings = 0;
			knownRegions = (
				en,
				Base,
			);
			mainGroup = 5944DED02A512AF10015B054;
			productRefGroup = 5944DEDA2A512AF10015B054 /* Products */;
			projectDirPath = "";
			projectRoot = "";
			targets = (
				5944DED82A512AF10015B054 /* Splitpay */,
				5944DEE82A512AF20015B054 /* SplitpayTests */,
				5944DEF22A512AF20015B054 /* SplitpayUITests */,
			);
		};
/* End PBXProject section */

/* Begin PBXResourcesBuildPhase section */
		5944DED72A512AF10015B054 /* Resources */ = {
			isa = PBXResourcesBuildPhase;
			buildActionMask = 2147483647;
			files = (
				5944DEE42A512AF20015B054 /* Preview Assets.xcassets in Resources */,
				5944DEE12A512AF20015B054 /* Assets.xcassets in Resources */,
			);
			runOnlyForDeploymentPostprocessing = 0;
		};
		5944DEE72A512AF20015B054 /* Resources */ = {
			isa = PBXResourcesBuildPhase;
			buildActionMask = 2147483647;
			files = (
			);
			runOnlyForDeploymentPostprocessing = 0;
		};
		5944DEF12A512AF20015B054 /* Resources */ = {
			isa = PBXResourcesBuildPhase;
			buildActionMask = 2147483647;
			files = (
			);
			runOnlyForDeploymentPostprocessing = 0;
		};
/* End PBXResourcesBuildPhase section */

/* Begin PBXSourcesBuildPhase section */
		5944DED52A512AF10015B054 /* Sources */ = {
			isa = PBXSourcesBuildPhase;
			buildActionMask = 2147483647;
			files = (
				5944DF072A513C380015B054 /* Model.swift in Sources */,
				5944DEDF2A512AF10015B054 /* ProductSelectPage.swift in Sources */,
				5944DEDD2A512AF10015B054 /* SplitpayApp.swift in Sources */,
				5944DF092A5156B70015B054 /* UserListView.swift in Sources */,
				5944DF0B2A5156C80015B054 /* ProductListView.swift in Sources */,
			);
			runOnlyForDeploymentPostprocessing = 0;
		};
		5944DEE52A512AF20015B054 /* Sources */ = {
			isa = PBXSourcesBuildPhase;
			buildActionMask = 2147483647;
			files = (
				5944DEEE2A512AF20015B054 /* SplitpayTests.swift in Sources */,
			);
			runOnlyForDeploymentPostprocessing = 0;
		};
		5944DEEF2A512AF20015B054 /* Sources */ = {
			isa = PBXSourcesBuildPhase;
			buildActionMask = 2147483647;
			files = (
				5944DEFA2A512AF20015B054 /* SplitpayUITestsLaunchTests.swift in Sources */,
				5944DEF82A512AF20015B054 /* SplitpayUITests.swift in Sources */,
			);
			runOnlyForDeploymentPostprocessing = 0;
		};
/* End PBXSourcesBuildPhase section */

/* Begin PBXTargetDependency section */
		5944DEEB2A512AF20015B054 /* PBXTargetDependency */ = {
			isa = PBXTargetDependency;
			target = 5944DED82A512AF10015B054 /* Splitpay */;
			targetProxy = 5944DEEA2A512AF20015B054 /* PBXContainerItemProxy */;
		};
		5944DEF52A512AF20015B054 /* PBXTargetDependency */ = {
			isa = PBXTargetDependency;
			target = 5944DED82A512AF10015B054 /* Splitpay */;
			targetProxy = 5944DEF42A512AF20015B054 /* PBXContainerItemProxy */;
		};
/* End PBXTargetDependency section */

/* Begin XCBuildConfiguration section */
		5944DEFB2A512AF20015B054 /* Debug */ = {
			isa = XCBuildConfiguration;
			buildSettings = {
				ALWAYS_SEARCH_USER_PATHS = NO;
				ASSETCATALOG_COMPILER_GENERATE_SWIFT_ASSET_SYMBOL_EXTENSIONS = YES;
				CLANG_ANALYZER_NONNULL = YES;
				CLANG_ANALYZER_NUMBER_OBJECT_CONVERSION = YES_AGGRESSIVE;
				CLANG_CXX_LANGUAGE_STANDARD = "gnu++20";
				CLANG_ENABLE_MODULES = YES;
				CLANG_ENABLE_OBJC_ARC = YES;
				CLANG_ENABLE_OBJC_WEAK = YES;
				CLANG_WARN_BLOCK_CAPTURE_AUTORELEASING = YES;
				CLANG_WARN_BOOL_CONVERSION = YES;
				CLANG_WARN_COMMA = YES;
				CLANG_WARN_CONSTANT_CONVERSION = YES;
				CLANG_WARN_DEPRECATED_OBJC_IMPLEMENTATIONS = YES;
				CLANG_WARN_DIRECT_OBJC_ISA_USAGE = YES_ERROR;
				CLANG_WARN_DOCUMENTATION_COMMENTS = YES;
				CLANG_WARN_EMPTY_BODY = YES;
				CLANG_WARN_ENUM_CONVERSION = YES;
				CLANG_WARN_INFINITE_RECURSION = YES;
				CLANG_WARN_INT_CONVERSION = YES;
				CLANG_WARN_NON_LITERAL_NULL_CONVERSION = YES;
				CLANG_WARN_OBJC_IMPLICIT_RETAIN_SELF = YES;
				CLANG_WARN_OBJC_LITERAL_CONVERSION = YES;
				CLANG_WARN_OBJC_ROOT_CLASS = YES_ERROR;
				CLANG_WARN_QUOTED_INCLUDE_IN_FRAMEWORK_HEADER = YES;
				CLANG_WARN_RANGE_LOOP_ANALYSIS = YES;
				CLANG_WARN_STRICT_PROTOTYPES = YES;
				CLANG_WARN_SUSPICIOUS_MOVE = YES;
				CLANG_WARN_UNGUARDED_AVAILABILITY = YES_AGGRESSIVE;
				CLANG_WARN_UNREACHABLE_CODE = YES;
				CLANG_WARN__DUPLICATE_METHOD_MATCH = YES;
				COPY_PHASE_STRIP = NO;
				DEBUG_INFORMATION_FORMAT = dwarf;
				ENABLE_STRICT_OBJC_MSGSEND = YES;
				ENABLE_TESTABILITY = YES;
				ENABLE_USER_SCRIPT_SANDBOXING = YES;
				GCC_C_LANGUAGE_STANDARD = gnu17;
				GCC_DYNAMIC_NO_PIC = NO;
				GCC_NO_COMMON_BLOCKS = YES;
				GCC_OPTIMIZATION_LEVEL = 0;
				GCC_PREPROCESSOR_DEFINITIONS = (
					"DEBUG=1",
					"$(inherited)",
				);
				GCC_WARN_64_TO_32_BIT_CONVERSION = YES;
				GCC_WARN_ABOUT_RETURN_TYPE = YES_ERROR;
				GCC_WARN_UNDECLARED_SELECTOR = YES;
				GCC_WARN_UNINITIALIZED_AUTOS = YES_AGGRESSIVE;
				GCC_WARN_UNUSED_FUNCTION = YES;
				GCC_WARN_UNUSED_VARIABLE = YES;
				IPHONEOS_DEPLOYMENT_TARGET = 17.0;
				LOCALIZATION_PREFERS_STRING_CATALOGS = YES;
				MTL_ENABLE_DEBUG_INFO = INCLUDE_SOURCE;
				MTL_FAST_MATH = YES;
				ONLY_ACTIVE_ARCH = YES;
				SDKROOT = iphoneos;
				SWIFT_ACTIVE_COMPILATION_CONDITIONS = "DEBUG $(inherited)";
				SWIFT_OPTIMIZATION_LEVEL = "-Onone";
			};
			name = Debug;
		};
		5944DEFC2A512AF20015B054 /* Release */ = {
			isa = XCBuildConfiguration;
			buildSettings = {
				ALWAYS_SEARCH_USER_PATHS = NO;
				ASSETCATALOG_COMPILER_GENERATE_SWIFT_ASSET_SYMBOL_EXTENSIONS = YES;
				CLANG_ANALYZER_NONNULL = YES;
				CLANG_ANALYZER_NUMBER_OBJECT_CONVERSION = YES_AGGRESSIVE;
				CLANG_CXX_LANGUAGE_STANDARD = "gnu++20";
				CLANG_ENABLE_MODULES = YES;
				CLANG_ENABLE_OBJC_ARC = YES;
				CLANG_ENABLE_OBJC_WEAK = YES;
				CLANG_WARN_BLOCK_CAPTURE_AUTORELEASING = YES;
				CLANG_WARN_BOOL_CONVERSION = YES;
				CLANG_WARN_COMMA = YES;
				CLANG_WARN_CONSTANT_CONVERSION = YES;
				CLANG_WARN_DEPRECATED_OBJC_IMPLEMENTATIONS = YES;
				CLANG_WARN_DIRECT_OBJC_ISA_USAGE = YES_ERROR;
				CLANG_WARN_DOCUMENTATION_COMMENTS = YES;
				CLANG_WARN_EMPTY_BODY = YES;
				CLANG_WARN_ENUM_CONVERSION = YES;
				CLANG_WARN_INFINITE_RECURSION = YES;
				CLANG_WARN_INT_CONVERSION = YES;
				CLANG_WARN_NON_LITERAL_NULL_CONVERSION = YES;
				CLANG_WARN_OBJC_IMPLICIT_RETAIN_SELF = YES;
				CLANG_WARN_OBJC_LITERAL_CONVERSION = YES;
				CLANG_WARN_OBJC_ROOT_CLASS = YES_ERROR;
				CLANG_WARN_QUOTED_INCLUDE_IN_FRAMEWORK_HEADER = YES;
				CLANG_WARN_RANGE_LOOP_ANALYSIS = YES;
				CLANG_WARN_STRICT_PROTOTYPES = YES;
				CLANG_WARN_SUSPICIOUS_MOVE = YES;
				CLANG_WARN_UNGUARDED_AVAILABILITY = YES_AGGRESSIVE;
				CLANG_WARN_UNREACHABLE_CODE = YES;
				CLANG_WARN__DUPLICATE_METHOD_MATCH = YES;
				COPY_PHASE_STRIP = NO;
				DEBUG_INFORMATION_FORMAT = "dwarf-with-dsym";
				ENABLE_NS_ASSERTIONS = NO;
				ENABLE_STRICT_OBJC_MSGSEND = YES;
				ENABLE_USER_SCRIPT_SANDBOXING = YES;
				GCC_C_LANGUAGE_STANDARD = gnu17;
				GCC_NO_COMMON_BLOCKS = YES;
				GCC_WARN_64_TO_32_BIT_CONVERSION = YES;
				GCC_WARN_ABOUT_RETURN_TYPE = YES_ERROR;
				GCC_WARN_UNDECLARED_SELECTOR = YES;
				GCC_WARN_UNINITIALIZED_AUTOS = YES_AGGRESSIVE;
				GCC_WARN_UNUSED_FUNCTION = YES;
				GCC_WARN_UNUSED_VARIABLE = YES;
				IPHONEOS_DEPLOYMENT_TARGET = 17.0;
				LOCALIZATION_PREFERS_STRING_CATALOGS = YES;
				MTL_ENABLE_DEBUG_INFO = NO;
				MTL_FAST_MATH = YES;
				SDKROOT = iphoneos;
				SWIFT_COMPILATION_MODE = wholemodule;
				VALIDATE_PRODUCT = YES;
			};
			name = Release;
		};
		5944DEFE2A512AF20015B054 /* Debug */ = {
			isa = XCBuildConfiguration;
			buildSettings = {
				ASSETCATALOG_COMPILER_APPICON_NAME = AppIcon;
				ASSETCATALOG_COMPILER_GLOBAL_ACCENT_COLOR_NAME = AccentColor;
				CODE_SIGN_STYLE = Automatic;
				CURRENT_PROJECT_VERSION = 1;
				DEVELOPMENT_ASSET_PATHS = "\"Splitpay/Preview Content\"";
				DEVELOPMENT_TEAM = UM4ZKH8HWF;
				ENABLE_PREVIEWS = YES;
				GENERATE_INFOPLIST_FILE = YES;
				INFOPLIST_KEY_UIApplicationSceneManifest_Generation = YES;
				INFOPLIST_KEY_UIApplicationSupportsIndirectInputEvents = YES;
				INFOPLIST_KEY_UILaunchScreen_Generation = YES;
				INFOPLIST_KEY_UISupportedInterfaceOrientations_iPad = "UIInterfaceOrientationPortrait UIInterfaceOrientationPortraitUpsideDown UIInterfaceOrientationLandscapeLeft UIInterfaceOrientationLandscapeRight";
				INFOPLIST_KEY_UISupportedInterfaceOrientations_iPhone = "UIInterfaceOrientationPortrait UIInterfaceOrientationLandscapeLeft UIInterfaceOrientationLandscapeRight";
				LD_RUNPATH_SEARCH_PATHS = (
					"$(inherited)",
					"@executable_path/Frameworks",
				);
				MARKETING_VERSION = 1.0;
				PRODUCT_BUNDLE_IDENTIFIER = com.cliffproject.Splitpay;
				PRODUCT_NAME = "$(TARGET_NAME)";
				SWIFT_EMIT_LOC_STRINGS = YES;
				SWIFT_VERSION = 5.0;
				TARGETED_DEVICE_FAMILY = "1,2";
			};
			name = Debug;
		};
		5944DEFF2A512AF20015B054 /* Release */ = {
			isa = XCBuildConfiguration;
			buildSettings = {
				ASSETCATALOG_COMPILER_APPICON_NAME = AppIcon;
				ASSETCATALOG_COMPILER_GLOBAL_ACCENT_COLOR_NAME = AccentColor;
				CODE_SIGN_STYLE = Automatic;
				CURRENT_PROJECT_VERSION = 1;
				DEVELOPMENT_ASSET_PATHS = "\"Splitpay/Preview Content\"";
				DEVELOPMENT_TEAM = UM4ZKH8HWF;
				ENABLE_PREVIEWS = YES;
				GENERATE_INFOPLIST_FILE = YES;
				INFOPLIST_KEY_UIApplicationSceneManifest_Generation = YES;
				INFOPLIST_KEY_UIApplicationSupportsIndirectInputEvents = YES;
				INFOPLIST_KEY_UILaunchScreen_Generation = YES;
				INFOPLIST_KEY_UISupportedInterfaceOrientations_iPad = "UIInterfaceOrientationPortrait UIInterfaceOrientationPortraitUpsideDown UIInterfaceOrientationLandscapeLeft UIInterfaceOrientationLandscapeRight";
				INFOPLIST_KEY_UISupportedInterfaceOrientations_iPhone = "UIInterfaceOrientationPortrait UIInterfaceOrientationLandscapeLeft UIInterfaceOrientationLandscapeRight";
				LD_RUNPATH_SEARCH_PATHS = (
					"$(inherited)",
					"@executable_path/Frameworks",
				);
				MARKETING_VERSION = 1.0;
				PRODUCT_BUNDLE_IDENTIFIER = com.cliffproject.Splitpay;
				PRODUCT_NAME = "$(TARGET_NAME)";
				SWIFT_EMIT_LOC_STRINGS = YES;
				SWIFT_VERSION = 5.0;
				TARGETED_DEVICE_FAMILY = "1,2";
			};
			name = Release;
		};
		5944DF012A512AF20015B054 /* Debug */ = {
			isa = XCBuildConfiguration;
			buildSettings = {
				ALWAYS_EMBED_SWIFT_STANDARD_LIBRARIES = YES;
				BUNDLE_LOADER = "$(TEST_HOST)";
				CODE_SIGN_STYLE = Automatic;
				CURRENT_PROJECT_VERSION = 1;
				DEVELOPMENT_TEAM = UM4ZKH8HWF;
				GENERATE_INFOPLIST_FILE = YES;
				IPHONEOS_DEPLOYMENT_TARGET = 17.0;
				MARKETING_VERSION = 1.0;
				PRODUCT_BUNDLE_IDENTIFIER = com.cliffproject.SplitpayTests;
				PRODUCT_NAME = "$(TARGET_NAME)";
				SWIFT_EMIT_LOC_STRINGS = NO;
				SWIFT_VERSION = 5.0;
				TARGETED_DEVICE_FAMILY = "1,2";
				TEST_HOST = "$(BUILT_PRODUCTS_DIR)/Splitpay.app/$(BUNDLE_EXECUTABLE_FOLDER_PATH)/Splitpay";
			};
			name = Debug;
		};
		5944DF022A512AF20015B054 /* Release */ = {
			isa = XCBuildConfiguration;
			buildSettings = {
				ALWAYS_EMBED_SWIFT_STANDARD_LIBRARIES = YES;
				BUNDLE_LOADER = "$(TEST_HOST)";
				CODE_SIGN_STYLE = Automatic;
				CURRENT_PROJECT_VERSION = 1;
				DEVELOPMENT_TEAM = UM4ZKH8HWF;
				GENERATE_INFOPLIST_FILE = YES;
				IPHONEOS_DEPLOYMENT_TARGET = 17.0;
				MARKETING_VERSION = 1.0;
				PRODUCT_BUNDLE_IDENTIFIER = com.cliffproject.SplitpayTests;
				PRODUCT_NAME = "$(TARGET_NAME)";
				SWIFT_EMIT_LOC_STRINGS = NO;
				SWIFT_VERSION = 5.0;
				TARGETED_DEVICE_FAMILY = "1,2";
				TEST_HOST = "$(BUILT_PRODUCTS_DIR)/Splitpay.app/$(BUNDLE_EXECUTABLE_FOLDER_PATH)/Splitpay";
			};
			name = Release;
		};
		5944DF042A512AF20015B054 /* Debug */ = {
			isa = XCBuildConfiguration;
			buildSettings = {
				ALWAYS_EMBED_SWIFT_STANDARD_LIBRARIES = YES;
				CODE_SIGN_STYLE = Automatic;
				CURRENT_PROJECT_VERSION = 1;
				DEVELOPMENT_TEAM = UM4ZKH8HWF;
				GENERATE_INFOPLIST_FILE = YES;
				MARKETING_VERSION = 1.0;
				PRODUCT_BUNDLE_IDENTIFIER = com.cliffproject.SplitpayUITests;
				PRODUCT_NAME = "$(TARGET_NAME)";
				SWIFT_EMIT_LOC_STRINGS = NO;
				SWIFT_VERSION = 5.0;
				TARGETED_DEVICE_FAMILY = "1,2";
				TEST_TARGET_NAME = Splitpay;
			};
			name = Debug;
		};
		5944DF052A512AF20015B054 /* Release */ = {
			isa = XCBuildConfiguration;
			buildSettings = {
				ALWAYS_EMBED_SWIFT_STANDARD_LIBRARIES = YES;
				CODE_SIGN_STYLE = Automatic;
				CURRENT_PROJECT_VERSION = 1;
				DEVELOPMENT_TEAM = UM4ZKH8HWF;
				GENERATE_INFOPLIST_FILE = YES;
				MARKETING_VERSION = 1.0;
				PRODUCT_BUNDLE_IDENTIFIER = com.cliffproject.SplitpayUITests;
				PRODUCT_NAME = "$(TARGET_NAME)";
				SWIFT_EMIT_LOC_STRINGS = NO;
				SWIFT_VERSION = 5.0;
				TARGETED_DEVICE_FAMILY = "1,2";
				TEST_TARGET_NAME = Splitpay;
			};
			name = Release;
		};
/* End XCBuildConfiguration section */

/* Begin XCConfigurationList section */
		5944DED42A512AF10015B054 /* Build configuration list for PBXProject "Splitpay" */ = {
			isa = XCConfigurationList;
			buildConfigurations = (
				5944DEFB2A512AF20015B054 /* Debug */,
				5944DEFC2A512AF20015B054 /* Release */,
			);
			defaultConfigurationIsVisible = 0;
			defaultConfigurationName = Release;
		};
		5944DEFD2A512AF20015B054 /* Build configuration list for PBXNativeTarget "Splitpay" */ = {
			isa = XCConfigurationList;
			buildConfigurations = (
				5944DEFE2A512AF20015B054 /* Debug */,
				5944DEFF2A512AF20015B054 /* Release */,
			);
			defaultConfigurationIsVisible = 0;
			defaultConfigurationName = Release;
		};
		5944DF002A512AF20015B054 /* Build configuration list for PBXNativeTarget "SplitpayTests" */ = {
			isa = XCConfigurationList;
			buildConfigurations = (
				5944DF012A512AF20015B054 /* Debug */,
				5944DF022A512AF20015B054 /* Release */,
			);
			defaultConfigurationIsVisible = 0;
			defaultConfigurationName = Release;
		};
		5944DF032A512AF20015B054 /* Build configuration list for PBXNativeTarget "SplitpayUITests" */ = {
			isa = XCConfigurationList;
			buildConfigurations = (
				5944DF042A512AF20015B054 /* Debug */,
				5944DF052A512AF20015B054 /* Release */,
			);
			defaultConfigurationIsVisible = 0;
			defaultConfigurationName = Release;
		};
/* End XCConfigurationList section */
	};
	rootObject = 5944DED12A512AF10015B054 /* Project object */;
}
